
Microsoft Visual Studio Solution File, Format Version 12.00
# Visual Studio 2012
Project("{FAE04EC0-301F-11D3-BF4B-00C04F79EFBC}") = "DungeonMaster", "DungeonMaster\DungeonMaster.csproj", "{F4A1C97B-CFFA-465E-A400-4A80C0786622}"
EndProject
Project("{FAE04EC0-301F-11D3-BF4B-00C04F79EFBC}") = "DungeonMasterTests", "DungeonMasterTests\DungeonMasterTests.csproj", "{06874BC3-7037-44D2-94BD-453024D551ED}"
EndProject
Global
	GlobalSection(SolutionConfigurationPlatforms) = preSolution
		Debug|x86 = Debug|x86
		Release|x86 = Release|x86
	EndGlobalSection
	GlobalSection(ProjectConfigurationPlatforms) = postSolution
		{F4A1C97B-CFFA-465E-A400-4A80C0786622}.Debug|x86.ActiveCfg = Debug|x86
		{F4A1C97B-CFFA-465E-A400-4A80C0786622}.Debug|x86.Build.0 = Debug|x86
		{F4A1C97B-CFFA-465E-A400-4A80C0786622}.Release|x86.ActiveCfg = Release|x86
		{F4A1C97B-CFFA-465E-A400-4A80C0786622}.Release|x86.Build.0 = Release|x86
		{06874BC3-7037-44D2-94BD-453024D551ED}.Debug|x86.ActiveCfg = Debug|Any CPU
		{06874BC3-7037-44D2-94BD-453024D551ED}.Debug|x86.Build.0 = Debug|Any CPU
		{06874BC3-7037-44D2-94BD-453024D551ED}.Release|x86.ActiveCfg = Release|Any CPU
		{06874BC3-7037-44D2-94BD-453024D551ED}.Release|x86.Build.0 = Release|Any CPU
	EndGlobalSection
EndGlobal
